// !$*UTF8*$!
{
	archiveVersion = 1;
	classes = {
	};
	objectVersion = 46;
	objects = {

/* Begin PBXBuildFile section */
		040A753B194EBDC3003CB3D4 /* AppDelegate.swift in Sources */ = {isa = PBXBuildFile; fileRef = 040A753A194EBDC3003CB3D4 /* AppDelegate.swift */; };
		040A753D194EBDC3003CB3D4 /* ViewController.swift in Sources */ = {isa = PBXBuildFile; fileRef = 040A753C194EBDC3003CB3D4 /* ViewController.swift */; };
		040A7540194EBDC3003CB3D4 /* Main.storyboard in Resources */ = {isa = PBXBuildFile; fileRef = 040A753E194EBDC3003CB3D4 /* Main.storyboard */; };
		040A7542194EBDC3003CB3D4 /* Images.xcassets in Resources */ = {isa = PBXBuildFile; fileRef = 040A7541194EBDC3003CB3D4 /* Images.xcassets */; };
		040A754E194EBDC3003CB3D4 /* CustomSearchSwiftTests.swift in Sources */ = {isa = PBXBuildFile; fileRef = 040A754D194EBDC3003CB3D4 /* CustomSearchSwiftTests.swift */; };
		040A7558194EBDE0003CB3D4 /* CustomSearchView.swift in Sources */ = {isa = PBXBuildFile; fileRef = 040A7557194EBDE0003CB3D4 /* CustomSearchView.swift */; };
		040A755A194EBEA3003CB3D4 /* HotKeywordsView.swift in Sources */ = {isa = PBXBuildFile; fileRef = 040A7559194EBEA3003CB3D4 /* HotKeywordsView.swift */; };
		040A755E194EC4AD003CB3D4 /* Easy-Cal.swift in Sources */ = {isa = PBXBuildFile; fileRef = 040A755D194EC4AD003CB3D4 /* Easy-Cal.swift */; };
		04E13D0E19530B67006AD199 /* keywords.json in Resources */ = {isa = PBXBuildFile; fileRef = 04E13D0D19530B67006AD199 /* keywords.json */; };
/* End PBXBuildFile section */

/* Begin PBXContainerItemProxy section */
		040A7548194EBDC3003CB3D4 /* PBXContainerItemProxy */ = {
			isa = PBXContainerItemProxy;
			containerPortal = 040A752D194EBDC3003CB3D4 /* Project object */;
			proxyType = 1;
			remoteGlobalIDString = 040A7534194EBDC3003CB3D4;
			remoteInfo = CustomSearchSwift;
		};
/* End PBXContainerItemProxy section */

/* Begin PBXFileReference section */
		040A7535194EBDC3003CB3D4 /* CustomSearchSwift.app */ = {isa = PBXFileReference; explicitFileType = wrapper.application; includeInIndex = 0; path = CustomSearchSwift.app; sourceTree = BUILT_PRODUCTS_DIR; };
		040A7539194EBDC3003CB3D4 /* Info.plist */ = {isa = PBXFileReference; lastKnownFileType = text.plist.xml; path = Info.plist; sourceTree = "<group>"; };
		040A753A194EBDC3003CB3D4 /* AppDelegate.swift */ = {isa = PBXFileReference; lastKnownFileType = sourcecode.swift; path = AppDelegate.swift; sourceTree = "<group>"; };
		040A753C194EBDC3003CB3D4 /* ViewController.swift */ = {isa = PBXFileReference; lastKnownFileType = sourcecode.swift; path = ViewController.swift; sourceTree = "<group>"; };
		040A753F194EBDC3003CB3D4 /* Base */ = {isa = PBXFileReference; lastKnownFileType = file.storyboard; name = Base; path = Base.lproj/Main.storyboard; sourceTree = "<group>"; };
		040A7541194EBDC3003CB3D4 /* Images.xcassets */ = {isa = PBXFileReference; lastKnownFileType = folder.assetcatalog; path = Images.xcassets; sourceTree = "<group>"; };
		040A7547194EBDC3003CB3D4 /* CustomSearchSwiftTests.xctest */ = {isa = PBXFileReference; explicitFileType = wrapper.cfbundle; includeInIndex = 0; path = CustomSearchSwiftTests.xctest; sourceTree = BUILT_PRODUCTS_DIR; };
		040A754C194EBDC3003CB3D4 /* Info.plist */ = {isa = PBXFileReference; lastKnownFileType = text.plist.xml; path = Info.plist; sourceTree = "<group>"; };
		040A754D194EBDC3003CB3D4 /* CustomSearchSwiftTests.swift */ = {isa = PBXFileReference; lastKnownFileType = sourcecode.swift; path = CustomSearchSwiftTests.swift; sourceTree = "<group>"; };
		040A7557194EBDE0003CB3D4 /* CustomSearchView.swift */ = {isa = PBXFileReference; fileEncoding = 4; lastKnownFileType = sourcecode.swift; path = CustomSearchView.swift; sourceTree = "<group>"; };
		040A7559194EBEA3003CB3D4 /* HotKeywordsView.swift */ = {isa = PBXFileReference; fileEncoding = 4; lastKnownFileType = sourcecode.swift; path = HotKeywordsView.swift; sourceTree = "<group>"; };
		040A755D194EC4AD003CB3D4 /* Easy-Cal.swift */ = {isa = PBXFileReference; fileEncoding = 4; lastKnownFileType = sourcecode.swift; path = "Easy-Cal.swift"; sourceTree = "<group>"; };
		04E13D0D19530B67006AD199 /* keywords.json */ = {isa = PBXFileReference; fileEncoding = 4; lastKnownFileType = text.json; path = keywords.json; sourceTree = "<group>"; };
/* End PBXFileReference section */

/* Begin PBXFrameworksBuildPhase section */
		040A7532194EBDC3003CB3D4 /* Frameworks */ = {
			isa = PBXFrameworksBuildPhase;
			buildActionMask = 2147483647;
			files = (
			);
			runOnlyForDeploymentPostprocessing = 0;
		};
		040A7544194EBDC3003CB3D4 /* Frameworks */ = {
			isa = PBXFrameworksBuildPhase;
			buildActionMask = 2147483647;
			files = (
			);
			runOnlyForDeploymentPostprocessing = 0;
		};
/* End PBXFrameworksBuildPhase section */

/* Begin PBXGroup section */
		040A752C194EBDC3003CB3D4 = {
			isa = PBXGroup;
			children = (
				040A7537194EBDC3003CB3D4 /* CustomSearchSwift */,
				040A754A194EBDC3003CB3D4 /* CustomSearchSwiftTests */,
				040A7536194EBDC3003CB3D4 /* Products */,
			);
			sourceTree = "<group>";
		};
		040A7536194EBDC3003CB3D4 /* Products */ = {
			isa = PBXGroup;
			children = (
				040A7535194EBDC3003CB3D4 /* CustomSearchSwift.app */,
				040A7547194EBDC3003CB3D4 /* CustomSearchSwiftTests.xctest */,
			);
			name = Products;
			sourceTree = "<group>";
		};
		040A7537194EBDC3003CB3D4 /* CustomSearchSwift */ = {
			isa = PBXGroup;
			children = (
				04E13D0D19530B67006AD199 /* keywords.json */,
				040A753A194EBDC3003CB3D4 /* AppDelegate.swift */,
				040A753C194EBDC3003CB3D4 /* ViewController.swift */,
				040A753E194EBDC3003CB3D4 /* Main.storyboard */,
				040A7541194EBDC3003CB3D4 /* Images.xcassets */,
				040A7538194EBDC3003CB3D4 /* Supporting Files */,
				040A7557194EBDE0003CB3D4 /* CustomSearchView.swift */,
				040A7559194EBEA3003CB3D4 /* HotKeywordsView.swift */,
				040A755D194EC4AD003CB3D4 /* Easy-Cal.swift */,
			);
			path = CustomSearchSwift;
			sourceTree = "<group>";
		};
		040A7538194EBDC3003CB3D4 /* Supporting Files */ = {
			isa = PBXGroup;
			children = (
				040A7539194EBDC3003CB3D4 /* Info.plist */,
			);
			name = "Supporting Files";
			sourceTree = "<group>";
		};
		040A754A194EBDC3003CB3D4 /* CustomSearchSwiftTests */ = {
			isa = PBXGroup;
			children = (
				040A754D194EBDC3003CB3D4 /* CustomSearchSwiftTests.swift */,
				040A754B194EBDC3003CB3D4 /* Supporting Files */,
			);
			path = CustomSearchSwiftTests;
			sourceTree = "<group>";
		};
		040A754B194EBDC3003CB3D4 /* Supporting Files */ = {
			isa = PBXGroup;
			children = (
				040A754C194EBDC3003CB3D4 /* Info.plist */,
			);
			name = "Supporting Files";
			sourceTree = "<group>";
		};
/* End PBXGroup section */

/* Begin PBXNativeTarget section */
		040A7534194EBDC3003CB3D4 /* CustomSearchSwift */ = {
			isa = PBXNativeTarget;
			buildConfigurationList = 040A7551194EBDC3003CB3D4 /* Build configuration list for PBXNativeTarget "CustomSearchSwift" */;
			buildPhases = (
				040A7531194EBDC3003CB3D4 /* Sources */,
				040A7532194EBDC3003CB3D4 /* Frameworks */,
				040A7533194EBDC3003CB3D4 /* Resources */,
			);
			buildRules = (
			);
			dependencies = (
			);
			name = CustomSearchSwift;
			productName = CustomSearchSwift;
			productReference = 040A7535194EBDC3003CB3D4 /* CustomSearchSwift.app */;
			productType = "com.apple.product-type.application";
		};
		040A7546194EBDC3003CB3D4 /* CustomSearchSwiftTests */ = {
			isa = PBXNativeTarget;
			buildConfigurationList = 040A7554194EBDC3003CB3D4 /* Build configuration list for PBXNativeTarget "CustomSearchSwiftTests" */;
			buildPhases = (
				040A7543194EBDC3003CB3D4 /* Sources */,
				040A7544194EBDC3003CB3D4 /* Frameworks */,
				040A7545194EBDC3003CB3D4 /* Resources */,
			);
			buildRules = (
			);
			dependencies = (
				040A7549194EBDC3003CB3D4 /* PBXTargetDependency */,
			);
			name = CustomSearchSwiftTests;
			productName = CustomSearchSwiftTests;
			productReference = 040A7547194EBDC3003CB3D4 /* CustomSearchSwiftTests.xctest */;
			productType = "com.apple.product-type.bundle.unit-test";
		};
/* End PBXNativeTarget section */

/* Begin PBXProject section */
		040A752D194EBDC3003CB3D4 /* Project object */ = {
			isa = PBXProject;
			attributes = {
				LastUpgradeCheck = 0600;
				ORGANIZATIONNAME = Katze;
				TargetAttributes = {
					040A7534194EBDC3003CB3D4 = {
						CreatedOnToolsVersion = 6.0;
					};
					040A7546194EBDC3003CB3D4 = {
						CreatedOnToolsVersion = 6.0;
						TestTargetID = 040A7534194EBDC3003CB3D4;
					};
				};
			};
			buildConfigurationList = 040A7530194EBDC3003CB3D4 /* Build configuration list for PBXProject "CustomSearchSwift" */;
			compatibilityVersion = "Xcode 3.2";
			developmentRegion = English;
			hasScannedForEncodings = 0;
			knownRegions = (
				en,
				Base,
			);
			mainGroup = 040A752C194EBDC3003CB3D4;
			productRefGroup = 040A7536194EBDC3003CB3D4 /* Products */;
			projectDirPath = "";
			projectRoot = "";
			targets = (
				040A7534194EBDC3003CB3D4 /* CustomSearchSwift */,
				040A7546194EBDC3003CB3D4 /* CustomSearchSwiftTests */,
			);
		};
/* End PBXProject section */

/* Begin PBXResourcesBuildPhase section */
		040A7533194EBDC3003CB3D4 /* Resources */ = {
			isa = PBXResourcesBuildPhase;
			buildActionMask = 2147483647;
			files = (
				04E13D0E19530B67006AD199 /* keywords.json in Resources */,
				040A7540194EBDC3003CB3D4 /* Main.storyboard in Resources */,
				040A7542194EBDC3003CB3D4 /* Images.xcassets in Resources */,
			);
			runOnlyForDeploymentPostprocessing = 0;
		};
		040A7545194EBDC3003CB3D4 /* Resources */ = {
			isa = PBXResourcesBuildPhase;
			buildActionMask = 2147483647;
			files = (
			);
			runOnlyForDeploymentPostprocessing = 0;
		};
/* End PBXResourcesBuildPhase section */

/* Begin PBXSourcesBuildPhase section */
		040A7531194EBDC3003CB3D4 /* Sources */ = {
			isa = PBXSourcesBuildPhase;
			buildActionMask = 2147483647;
			files = (
				040A755E194EC4AD003CB3D4 /* Easy-Cal.swift in Sources */,
				040A753D194EBDC3003CB3D4 /* ViewController.swift in Sources */,
				040A7558194EBDE0003CB3D4 /* CustomSearchView.swift in Sources */,
				040A755A194EBEA3003CB3D4 /* HotKeywordsView.swift in Sources */,
				040A753B194EBDC3003CB3D4 /* AppDelegate.swift in Sources */,
			);
			runOnlyForDeploymentPostprocessing = 0;
		};
		040A7543194EBDC3003CB3D4 /* Sources */ = {
			isa = PBXSourcesBuildPhase;
			buildActionMask = 2147483647;
			files = (
				040A754E194EBDC3003CB3D4 /* CustomSearchSwiftTests.swift in Sources */,
			);
			runOnlyForDeploymentPostprocessing = 0;
		};
/* End PBXSourcesBuildPhase section */

/* Begin PBXTargetDependency section */
		040A7549194EBDC3003CB3D4 /* PBXTargetDependency */ = {
			isa = PBXTargetDependency;
			target = 040A7534194EBDC3003CB3D4 /* CustomSearchSwift */;
			targetProxy = 040A7548194EBDC3003CB3D4 /* PBXContainerItemProxy */;
		};
/* End PBXTargetDependency section */

/* Begin PBXVariantGroup section */
		040A753E194EBDC3003CB3D4 /* Main.storyboard */ = {
			isa = PBXVariantGroup;
			children = (
				040A753F194EBDC3003CB3D4 /* Base */,
			);
			name = Main.storyboard;
			sourceTree = "<group>";
		};
/* End PBXVariantGroup section */

/* Begin XCBuildConfiguration section */
		040A754F194EBDC3003CB3D4 /* Debug */ = {
			isa = XCBuildConfiguration;
			buildSettings = {
				ALWAYS_SEARCH_USER_PATHS = NO;
				CLANG_CXX_LANGUAGE_STANDARD = "gnu++0x";
				CLANG_CXX_LIBRARY = "libc++";
				CLANG_ENABLE_MODULES = YES;
				CLANG_ENABLE_OBJC_ARC = YES;
				CLANG_WARN_BOOL_CONVERSION = YES;
				CLANG_WARN_CONSTANT_CONVERSION = YES;
				CLANG_WARN_DIRECT_OBJC_ISA_USAGE = YES_ERROR;
				CLANG_WARN_EMPTY_BODY = YES;
				CLANG_WARN_ENUM_CONVERSION = YES;
				CLANG_WARN_INT_CONVERSION = YES;
				CLANG_WARN_OBJC_ROOT_CLASS = YES_ERROR;
				CLANG_WARN_UNREACHABLE_CODE = YES;
				CLANG_WARN__DUPLICATE_METHOD_MATCH = YES;
				"CODE_SIGN_IDENTITY[sdk=iphoneos*]" = "iPhone Developer";
				COPY_PHASE_STRIP = NO;
				ENABLE_STRICT_OBJC_MSGSEND = YES;
				GCC_C_LANGUAGE_STANDARD = gnu99;
				GCC_DYNAMIC_NO_PIC = NO;
				GCC_OPTIMIZATION_LEVEL = 0;
				GCC_PREPROCESSOR_DEFINITIONS = (
					"DEBUG=1",
					"$(inherited)",
				);
				GCC_SYMBOLS_PRIVATE_EXTERN = NO;
				GCC_WARN_64_TO_32_BIT_CONVERSION = YES;
				GCC_WARN_ABOUT_RETURN_TYPE = YES_ERROR;
				GCC_WARN_UNDECLARED_SELECTOR = YES;
				GCC_WARN_UNINITIALIZED_AUTOS = YES_AGGRESSIVE;
				GCC_WARN_UNUSED_FUNCTION = YES;
				GCC_WARN_UNUSED_VARIABLE = YES;
				IPHONEOS_DEPLOYMENT_TARGET = 8.0;
				METAL_ENABLE_DEBUG_INFO = YES;
				ONLY_ACTIVE_ARCH = YES;
				SDKROOT = iphoneos;
				SWIFT_OPTIMIZATION_LEVEL = "-Onone";
			};
			name = Debug;
		};
		040A7550194EBDC3003CB3D4 /* Release */ = {
			isa = XCBuildConfiguration;
			buildSettings = {
				ALWAYS_SEARCH_USER_PATHS = NO;
				CLANG_CXX_LANGUAGE_STANDARD = "gnu++0x";
				CLANG_CXX_LIBRARY = "libc++";
				CLANG_ENABLE_MODULES = YES;
				CLANG_ENABLE_OBJC_ARC = YES;
				CLANG_WARN_BOOL_CONVERSION = YES;
				CLANG_WARN_CONSTANT_CONVERSION = YES;
				CLANG_WARN_DIRECT_OBJC_ISA_USAGE = YES_ERROR;
				CLANG_WARN_EMPTY_BODY = YES;
				CLANG_WARN_ENUM_CONVERSION = YES;
				CLANG_WARN_INT_CONVERSION = YES;
				CLANG_WARN_OBJC_ROOT_CLASS = YES_ERROR;
				CLANG_WARN_UNREACHABLE_CODE = YES;
				CLANG_WARN__DUPLICATE_METHOD_MATCH = YES;
				"CODE_SIGN_IDENTITY[sdk=iphoneos*]" = "iPhone Developer";
				COPY_PHASE_STRIP = YES;
				ENABLE_NS_ASSERTIONS = NO;
				ENABLE_STRICT_OBJC_MSGSEND = YES;
				GCC_C_LANGUAGE_STANDARD = gnu99;
				GCC_WARN_64_TO_32_BIT_CONVERSION = YES;
				GCC_WARN_ABOUT_RETURN_TYPE = YES_ERROR;
				GCC_WARN_UNDECLARED_SELECTOR = YES;
				GCC_WARN_UNINITIALIZED_AUTOS = YES_AGGRESSIVE;
				GCC_WARN_UNUSED_FUNCTION = YES;
				GCC_WARN_UNUSED_VARIABLE = YES;
				IPHONEOS_DEPLOYMENT_TARGET = 8.0;
				METAL_ENABLE_DEBUG_INFO = NO;
				SDKROOT = iphoneos;
				VALIDATE_PRODUCT = YES;
			};
			name = Release;
		};
		040A7552194EBDC3003CB3D4 /* Debug */ = {
			isa = XCBuildConfiguration;
			buildSettings = {
				ASSETCATALOG_COMPILER_APPICON_NAME = AppIcon;
				ASSETCATALOG_COMPILER_LAUNCHIMAGE_NAME = LaunchImage;
				INFOPLIST_FILE = CustomSearchSwift/Info.plist;
				LD_RUNPATH_SEARCH_PATHS = "$(inherited) @executable_path/Frameworks";
				PRODUCT_NAME = "$(TARGET_NAME)";
			};
			name = Debug;
		};
		040A7553194EBDC3003CB3D4 /* Release */ = {
			isa = XCBuildConfiguration;
			buildSettings = {
				ASSETCATALOG_COMPILER_APPICON_NAME = AppIcon;
				ASSETCATALOG_COMPILER_LAUNCHIMAGE_NAME = LaunchImage;
				INFOPLIST_FILE = CustomSearchSwift/Info.plist;
				LD_RUNPATH_SEARCH_PATHS = "$(inherited) @executable_path/Frameworks";
				PRODUCT_NAME = "$(TARGET_NAME)";
			};
			name = Release;
		};
		040A7555194EBDC3003CB3D4 /* Debug */ = {
			isa = XCBuildConfiguration;
			buildSettings = {
				BUNDLE_LOADER = "$(BUILT_PRODUCTS_DIR)/CustomSearchSwift.app/CustomSearchSwift";
				FRAMEWORK_SEARCH_PATHS = (
					"$(SDKROOT)/Developer/Library/Frameworks",
					"$(inherited)",
				);
				GCC_PREPROCESSOR_DEFINITIONS = (
					"DEBUG=1",
					"$(inherited)",
				);
				INFOPLIST_FILE = CustomSearchSwiftTests/Info.plist;
				LD_RUNPATH_SEARCH_PATHS = "$(inherited) @executable_path/Frameworks @loader_path/Frameworks";
				METAL_ENABLE_DEBUG_INFO = YES;
				PRODUCT_NAME = "$(TARGET_NAME)";
				TEST_HOST = "$(BUNDLE_LOADER)";
			};
			name = Debug;
		};
		040A7556194EBDC3003CB3D4 /* Release */ = {
			isa = XCBuildConfiguration;
			buildSettings = {
				BUNDLE_LOADER = "$(BUILT_PRODUCTS_DIR)/CustomSearchSwift.app/CustomSearchSwift";
				FRAMEWORK_SEARCH_PATHS = (
					"$(SDKROOT)/Developer/Library/Frameworks",
					"$(inherited)",
				);
				INFOPLIST_FILE = CustomSearchSwiftTests/Info.plist;
				LD_RUNPATH_SEARCH_PATHS = "$(inherited) @executable_path/Frameworks @loader_path/Frameworks";
				METAL_ENABLE_DEBUG_INFO = NO;
				PRODUCT_NAME = "$(TARGET_NAME)";
				TEST_HOST = "$(BUNDLE_LOADER)";
			};
			name = Release;
		};
/* End XCBuildConfiguration section */

/* Begin XCConfigurationList section */
		040A7530194EBDC3003CB3D4 /* Build configuration list for PBXProject "CustomSearchSwift" */ = {
			isa = XCConfigurationList;
			buildConfigurations = (
				040A754F194EBDC3003CB3D4 /* Debug */,
				040A7550194EBDC3003CB3D4 /* Release */,
			);
			defaultConfigurationIsVisible = 0;
			defaultConfigurationName = Release;
		};
		040A7551194EBDC3003CB3D4 /* Build configuration list for PBXNativeTarget "CustomSearchSwift" */ = {
			isa = XCConfigurationList;
			buildConfigurations = (
				040A7552194EBDC3003CB3D4 /* Debug */,
				040A7553194EBDC3003CB3D4 /* Release */,
			);
			defaultConfigurationIsVisible = 0;
			defaultConfigurationName = Release;
		};
		040A7554194EBDC3003CB3D4 /* Build configuration list for PBXNativeTarget "CustomSearchSwiftTests" */ = {
			isa = XCConfigurationList;
			buildConfigurations = (
				040A7555194EBDC3003CB3D4 /* Debug */,
				040A7556194EBDC3003CB3D4 /* Release */,
			);
			defaultConfigurationIsVisible = 0;
			defaultConfigurationName = Release;
		};
/* End XCConfigurationList section */
	};
	rootObject = 040A752D194EBDC3003CB3D4 /* Project object */;
}
